
Microsoft Visual Studio Solution File, Format Version 12.00
# Visual Studio Version 17
VisualStudioVersion = 17.12.35707.178
MinimumVisualStudioVersion = 10.0.40219.1
Project("{8BC9CEB8-8B4A-11D0-8D11-00A0C91BC942}") = "LockTest", "Lock\LockTest\LockTest.vcxproj", "{2892400C-02D1-4AA0-9E8A-D3927F8CA051}"
EndProject
Project("{8BC9CEB8-8B4A-11D0-8D11-00A0C91BC942}") = "SmartPointerTest", "SmartPointer\SmartPointerTest\SmartPointerTest.vcxproj", "{114A5B9D-65BF-46C8-8564-5F61AB44747B}"
EndProject
Project("{8BC9CEB8-8B4A-11D0-8D11-00A0C91BC942}") = "PoolTest", "Pool\PoolTest\MemoryPoolTest.vcxproj", "{01657837-F4AE-4AE1-87CE-382E60778D54}"
EndProject
Global
	GlobalSection(SolutionConfigurationPlatforms) = preSolution
		Debug|x64 = Debug|x64
		Debug|x86 = Debug|x86
		Release|x64 = Release|x64
		Release|x86 = Release|x86
	EndGlobalSection
	GlobalSection(ProjectConfigurationPlatforms) = postSolution
		{2892400C-02D1-4AA0-9E8A-D3927F8CA051}.Debug|x64.ActiveCfg = Debug|x64
		{2892400C-02D1-4AA0-9E8A-D3927F8CA051}.Debug|x64.Build.0 = Debug|x64
		{2892400C-02D1-4AA0-9E8A-D3927F8CA051}.Debug|x86.ActiveCfg = Debug|Win32
		{2892400C-02D1-4AA0-9E8A-D3927F8CA051}.Debug|x86.Build.0 = Debug|Win32
		{2892400C-02D1-4AA0-9E8A-D3927F8CA051}.Release|x64.ActiveCfg = Release|x64
		{2892400C-02D1-4AA0-9E8A-D3927F8CA051}.Release|x64.Build.0 = Release|x64
		{2892400C-02D1-4AA0-9E8A-D3927F8CA051}.Release|x86.ActiveCfg = Release|Win32
		{2892400C-02D1-4AA0-9E8A-D3927F8CA051}.Release|x86.Build.0 = Release|Win32
		{114A5B9D-65BF-46C8-8564-5F61AB44747B}.Debug|x64.ActiveCfg = Debug|x64
		{114A5B9D-65BF-46C8-8564-5F61AB44747B}.Debug|x64.Build.0 = Debug|x64
		{114A5B9D-65BF-46C8-8564-5F61AB44747B}.Debug|x86.ActiveCfg = Debug|Win32
		{114A5B9D-65BF-46C8-8564-5F61AB44747B}.Debug|x86.Build.0 = Debug|Win32
		{114A5B9D-65BF-46C8-8564-5F61AB44747B}.Release|x64.ActiveCfg = Release|x64
		{114A5B9D-65BF-46C8-8564-5F61AB44747B}.Release|x64.Build.0 = Release|x64
		{114A5B9D-65BF-46C8-8564-5F61AB44747B}.Release|x86.ActiveCfg = Release|Win32
		{114A5B9D-65BF-46C8-8564-5F61AB44747B}.Release|x86.Build.0 = Release|Win32
		{01657837-F4AE-4AE1-87CE-382E60778D54}.Debug|x64.ActiveCfg = Debug|x64
		{01657837-F4AE-4AE1-87CE-382E60778D54}.Debug|x64.Build.0 = Debug|x64
		{01657837-F4AE-4AE1-87CE-382E60778D54}.Debug|x86.ActiveCfg = Debug|Win32
		{01657837-F4AE-4AE1-87CE-382E60778D54}.Debug|x86.Build.0 = Debug|Win32
		{01657837-F4AE-4AE1-87CE-382E60778D54}.Release|x64.ActiveCfg = Release|x64
		{01657837-F4AE-4AE1-87CE-382E60778D54}.Release|x64.Build.0 = Release|x64
		{01657837-F4AE-4AE1-87CE-382E60778D54}.Release|x86.ActiveCfg = Release|Win32
		{01657837-F4AE-4AE1-87CE-382E60778D54}.Release|x86.Build.0 = Release|Win32
	EndGlobalSection
	GlobalSection(SolutionProperties) = preSolution
		HideSolutionNode = FALSE
	EndGlobalSection
EndGlobal
